
Microsoft Visual Studio Solution File, Format Version 12.00
# Visual Studio 15
VisualStudioVersion = 15.0.26228.4
MinimumVisualStudioVersion = 10.0.40219.1
Project("{FAE04EC0-301F-11D3-BF4B-00C04F79EFBC}") = "MapSolver", "MapSolver\MapSolver.csproj", "{A8A97719-C1AA-4E0A-999D-8BD9685A37E5}"
EndProject
Project("{FAE04EC0-301F-11D3-BF4B-00C04F79EFBC}") = "MazeSolveVisualiser", "MazeSolveVisualiser\MazeSolveVisualiser.csproj", "{76065C59-675A-4F9D-AD2E-9EC542712080}"
EndProject
Global
	GlobalSection(SolutionConfigurationPlatforms) = preSolution
		Debug|Any CPU = Debug|Any CPU
		Debug|x64 = Debug|x64
		Debug|x86 = Debug|x86
		Release|Any CPU = Release|Any CPU
		Release|x64 = Release|x64
		Release|x86 = Release|x86
	EndGlobalSection
	GlobalSection(ProjectConfigurationPlatforms) = postSolution
		{A8A97719-C1AA-4E0A-999D-8BD9685A37E5}.Debug|Any CPU.ActiveCfg = Debug|Any CPU
		{A8A97719-C1AA-4E0A-999D-8BD9685A37E5}.Debug|Any CPU.Build.0 = Debug|Any CPU
		{A8A97719-C1AA-4E0A-999D-8BD9685A37E5}.Debug|x64.ActiveCfg = Debug|Any CPU
		{A8A97719-C1AA-4E0A-999D-8BD9685A37E5}.Debug|x64.Build.0 = Debug|Any CPU
		{A8A97719-C1AA-4E0A-999D-8BD9685A37E5}.Debug|x86.ActiveCfg = Debug|Any CPU
		{A8A97719-C1AA-4E0A-999D-8BD9685A37E5}.Debug|x86.Build.0 = Debug|Any CPU
		{A8A97719-C1AA-4E0A-999D-8BD9685A37E5}.Release|Any CPU.ActiveCfg = Release|Any CPU
		{A8A97719-C1AA-4E0A-999D-8BD9685A37E5}.Release|Any CPU.Build.0 = Release|Any CPU
		{A8A97719-C1AA-4E0A-999D-8BD9685A37E5}.Release|x64.ActiveCfg = Release|Any CPU
		{A8A97719-C1AA-4E0A-999D-8BD9685A37E5}.Release|x64.Build.0 = Release|Any CPU
		{A8A97719-C1AA-4E0A-999D-8BD9685A37E5}.Release|x86.ActiveCfg = Release|Any CPU
		{A8A97719-C1AA-4E0A-999D-8BD9685A37E5}.Release|x86.Build.0 = Release|Any CPU
		{76065C59-675A-4F9D-AD2E-9EC542712080}.Debug|Any CPU.ActiveCfg = Debug|Any CPU
		{76065C59-675A-4F9D-AD2E-9EC542712080}.Debug|Any CPU.Build.0 = Debug|Any CPU
		{76065C59-675A-4F9D-AD2E-9EC542712080}.Debug|x64.ActiveCfg = Debug|Any CPU
		{76065C59-675A-4F9D-AD2E-9EC542712080}.Debug|x64.Build.0 = Debug|Any CPU
		{76065C59-675A-4F9D-AD2E-9EC542712080}.Debug|x86.ActiveCfg = Debug|Any CPU
		{76065C59-675A-4F9D-AD2E-9EC542712080}.Debug|x86.Build.0 = Debug|Any CPU
		{76065C59-675A-4F9D-AD2E-9EC542712080}.Release|Any CPU.ActiveCfg = Release|Any CPU
		{76065C59-675A-4F9D-AD2E-9EC542712080}.Release|Any CPU.Build.0 = Release|Any CPU
		{76065C59-675A-4F9D-AD2E-9EC542712080}.Release|x64.ActiveCfg = Release|Any CPU
		{76065C59-675A-4F9D-AD2E-9EC542712080}.Release|x64.Build.0 = Release|Any CPU
		{76065C59-675A-4F9D-AD2E-9EC542712080}.Release|x86.ActiveCfg = Release|Any CPU
		{76065C59-675A-4F9D-AD2E-9EC542712080}.Release|x86.Build.0 = Release|Any CPU
	EndGlobalSection
	GlobalSection(SolutionProperties) = preSolution
		HideSolutionNode = FALSE
	EndGlobalSection
EndGlobal
